
Microsoft Visual Studio Solution File, Format Version 12.00
# Visual Studio Version 17
VisualStudioVersion = 17.1.32210.238
MinimumVisualStudioVersion = 10.0.40219.1
Project("{9A19103F-16F7-4668-BE54-9A1E7A4F7556}") = "Entidades", "Martinetti.Franco.2c.TPFinal\Entidades.csproj", "{C1D85CEF-EB27-4A79-B823-B5971B5308D8}"
EndProject
Project("{FAE04EC0-301F-11D3-BF4B-00C04F79EFBC}") = "Vista", "Form1\Vista.csproj", "{C6048CF7-687E-4894-B2D5-F1B538ADE26E}"
	ProjectSection(ProjectDependencies) = postProject
		{49480B2D-0794-41CA-A019-D25B9A96F90C} = {49480B2D-0794-41CA-A019-D25B9A96F90C}
		{C1D85CEF-EB27-4A79-B823-B5971B5308D8} = {C1D85CEF-EB27-4A79-B823-B5971B5308D8}
	EndProjectSection
EndProject
Project("{FAE04EC0-301F-11D3-BF4B-00C04F79EFBC}") = "Servicios", "Servicios\Servicios.csproj", "{49480B2D-0794-41CA-A019-D25B9A96F90C}"
EndProject
Global
	GlobalSection(SolutionConfigurationPlatforms) = preSolution
		Debug|Any CPU = Debug|Any CPU
		Release|Any CPU = Release|Any CPU
	EndGlobalSection
	GlobalSection(ProjectConfigurationPlatforms) = postSolution
		{C1D85CEF-EB27-4A79-B823-B5971B5308D8}.Debug|Any CPU.ActiveCfg = Debug|Any CPU
		{C1D85CEF-EB27-4A79-B823-B5971B5308D8}.Debug|Any CPU.Build.0 = Debug|Any CPU
		{C1D85CEF-EB27-4A79-B823-B5971B5308D8}.Release|Any CPU.ActiveCfg = Release|Any CPU
		{C1D85CEF-EB27-4A79-B823-B5971B5308D8}.Release|Any CPU.Build.0 = Release|Any CPU
		{C6048CF7-687E-4894-B2D5-F1B538ADE26E}.Debug|Any CPU.ActiveCfg = Debug|Any CPU
		{C6048CF7-687E-4894-B2D5-F1B538ADE26E}.Debug|Any CPU.Build.0 = Debug|Any CPU
		{C6048CF7-687E-4894-B2D5-F1B538ADE26E}.Release|Any CPU.ActiveCfg = Release|Any CPU
		{C6048CF7-687E-4894-B2D5-F1B538ADE26E}.Release|Any CPU.Build.0 = Release|Any CPU
		{49480B2D-0794-41CA-A019-D25B9A96F90C}.Debug|Any CPU.ActiveCfg = Debug|Any CPU
		{49480B2D-0794-41CA-A019-D25B9A96F90C}.Debug|Any CPU.Build.0 = Debug|Any CPU
		{49480B2D-0794-41CA-A019-D25B9A96F90C}.Release|Any CPU.ActiveCfg = Release|Any CPU
		{49480B2D-0794-41CA-A019-D25B9A96F90C}.Release|Any CPU.Build.0 = Release|Any CPU
	EndGlobalSection
	GlobalSection(SolutionProperties) = preSolution
		HideSolutionNode = FALSE
	EndGlobalSection
	GlobalSection(ExtensibilityGlobals) = postSolution
		SolutionGuid = {8B1442F4-B810-4656-ABE3-A5FC57F31EFB}
	EndGlobalSection
EndGlobal
